// !$*UTF8*$!
{
	archiveVersion = 1;
	classes = {
	};
	objectVersion = 50;
	objects = {

/* Begin PBXBuildFile section */
		9D1207ED24E1639C007ABB5D /* GridLayout.swift in Sources */ = {isa = PBXBuildFile; fileRef = 9D1207EC24E1639C007ABB5D /* GridLayout.swift */; };
		9D1207EF24E163AD007ABB5D /* Grid.swift in Sources */ = {isa = PBXBuildFile; fileRef = 9D1207EE24E163AD007ABB5D /* Grid.swift */; };
		9D1207F124E163D0007ABB5D /* Cardify.swift in Sources */ = {isa = PBXBuildFile; fileRef = 9D1207F024E163D0007ABB5D /* Cardify.swift */; };
		9D1207F324E16463007ABB5D /* TrincaViewModel.swift in Sources */ = {isa = PBXBuildFile; fileRef = 9D1207F224E16463007ABB5D /* TrincaViewModel.swift */; };
		9D1207F524E16916007ABB5D /* Array+Identifiable.swift in Sources */ = {isa = PBXBuildFile; fileRef = 9D1207F424E16916007ABB5D /* Array+Identifiable.swift */; };
		9D807E5A24FE598100CE261B /* Shapes.swift in Sources */ = {isa = PBXBuildFile; fileRef = 9D807E5924FE598100CE261B /* Shapes.swift */; };
		9D807E5C24FE601400CE261B /* Shape+Texture.swift in Sources */ = {isa = PBXBuildFile; fileRef = 9D807E5B24FE601400CE261B /* Shape+Texture.swift */; };
		9DA2E55624DFFF3900BA3203 /* AppDelegate.swift in Sources */ = {isa = PBXBuildFile; fileRef = 9DA2E55524DFFF3900BA3203 /* AppDelegate.swift */; };
		9DA2E55824DFFF3900BA3203 /* SceneDelegate.swift in Sources */ = {isa = PBXBuildFile; fileRef = 9DA2E55724DFFF3900BA3203 /* SceneDelegate.swift */; };
		9DA2E55A24DFFF3900BA3203 /* TrincaView.swift in Sources */ = {isa = PBXBuildFile; fileRef = 9DA2E55924DFFF3900BA3203 /* TrincaView.swift */; };
		9DA2E55C24DFFF3E00BA3203 /* Assets.xcassets in Resources */ = {isa = PBXBuildFile; fileRef = 9DA2E55B24DFFF3E00BA3203 /* Assets.xcassets */; };
		9DA2E55F24DFFF3E00BA3203 /* Preview Assets.xcassets in Resources */ = {isa = PBXBuildFile; fileRef = 9DA2E55E24DFFF3E00BA3203 /* Preview Assets.xcassets */; };
		9DA2E56224DFFF3F00BA3203 /* LaunchScreen.storyboard in Resources */ = {isa = PBXBuildFile; fileRef = 9DA2E56024DFFF3F00BA3203 /* LaunchScreen.storyboard */; };
		9DA2E56A24E0002500BA3203 /* TrincaBrain.swift in Sources */ = {isa = PBXBuildFile; fileRef = 9DA2E56924E0002500BA3203 /* TrincaBrain.swift */; };
		9DCB1BFA24E31610006F4626 /* Stripes.swift in Sources */ = {isa = PBXBuildFile; fileRef = 9DCB1BF924E31610006F4626 /* Stripes.swift */; };
/* End PBXBuildFile section */

/* Begin PBXFileReference section */
		9D1207EC24E1639C007ABB5D /* GridLayout.swift */ = {isa = PBXFileReference; fileEncoding = 4; lastKnownFileType = sourcecode.swift; path = GridLayout.swift; sourceTree = "<group>"; };
		9D1207EE24E163AD007ABB5D /* Grid.swift */ = {isa = PBXFileReference; fileEncoding = 4; lastKnownFileType = sourcecode.swift; path = Grid.swift; sourceTree = "<group>"; };
		9D1207F024E163D0007ABB5D /* Cardify.swift */ = {isa = PBXFileReference; fileEncoding = 4; lastKnownFileType = sourcecode.swift; path = Cardify.swift; sourceTree = "<group>"; };
		9D1207F224E16463007ABB5D /* TrincaViewModel.swift */ = {isa = PBXFileReference; lastKnownFileType = sourcecode.swift; path = TrincaViewModel.swift; sourceTree = "<group>"; };
		9D1207F424E16916007ABB5D /* Array+Identifiable.swift */ = {isa = PBXFileReference; fileEncoding = 4; lastKnownFileType = sourcecode.swift; path = "Array+Identifiable.swift"; sourceTree = "<group>"; };
		9D807E5924FE598100CE261B /* Shapes.swift */ = {isa = PBXFileReference; lastKnownFileType = sourcecode.swift; path = Shapes.swift; sourceTree = "<group>"; };
		9D807E5B24FE601400CE261B /* Shape+Texture.swift */ = {isa = PBXFileReference; lastKnownFileType = sourcecode.swift; path = "Shape+Texture.swift"; sourceTree = "<group>"; };
		9DA2E55224DFFF3900BA3203 /* Trinca.app */ = {isa = PBXFileReference; explicitFileType = wrapper.application; includeInIndex = 0; path = Trinca.app; sourceTree = BUILT_PRODUCTS_DIR; };
		9DA2E55524DFFF3900BA3203 /* AppDelegate.swift */ = {isa = PBXFileReference; lastKnownFileType = sourcecode.swift; path = AppDelegate.swift; sourceTree = "<group>"; };
		9DA2E55724DFFF3900BA3203 /* SceneDelegate.swift */ = {isa = PBXFileReference; lastKnownFileType = sourcecode.swift; path = SceneDelegate.swift; sourceTree = "<group>"; };
		9DA2E55924DFFF3900BA3203 /* TrincaView.swift */ = {isa = PBXFileReference; lastKnownFileType = sourcecode.swift; path = TrincaView.swift; sourceTree = "<group>"; };
		9DA2E55B24DFFF3E00BA3203 /* Assets.xcassets */ = {isa = PBXFileReference; lastKnownFileType = folder.assetcatalog; path = Assets.xcassets; sourceTree = "<group>"; };
		9DA2E55E24DFFF3E00BA3203 /* Preview Assets.xcassets */ = {isa = PBXFileReference; lastKnownFileType = folder.assetcatalog; path = "Preview Assets.xcassets"; sourceTree = "<group>"; };
		9DA2E56124DFFF3F00BA3203 /* Base */ = {isa = PBXFileReference; lastKnownFileType = file.storyboard; name = Base; path = Base.lproj/LaunchScreen.storyboard; sourceTree = "<group>"; };
		9DA2E56324DFFF3F00BA3203 /* Info.plist */ = {isa = PBXFileReference; lastKnownFileType = text.plist.xml; path = Info.plist; sourceTree = "<group>"; };
		9DA2E56924E0002500BA3203 /* TrincaBrain.swift */ = {isa = PBXFileReference; lastKnownFileType = sourcecode.swift; path = TrincaBrain.swift; sourceTree = "<group>"; };
		9DCB1BF924E31610006F4626 /* Stripes.swift */ = {isa = PBXFileReference; lastKnownFileType = sourcecode.swift; path = Stripes.swift; sourceTree = "<group>"; };
/* End PBXFileReference section */

/* Begin PBXFrameworksBuildPhase section */
		9DA2E54F24DFFF3900BA3203 /* Frameworks */ = {
			isa = PBXFrameworksBuildPhase;
			buildActionMask = 2147483647;
			files = (
			);
			runOnlyForDeploymentPostprocessing = 0;
		};
/* End PBXFrameworksBuildPhase section */

/* Begin PBXGroup section */
		9DA2E54924DFFF3900BA3203 = {
			isa = PBXGroup;
			children = (
				9DA2E55424DFFF3900BA3203 /* Trinca */,
				9DA2E55324DFFF3900BA3203 /* Products */,
			);
			sourceTree = "<group>";
		};
		9DA2E55324DFFF3900BA3203 /* Products */ = {
			isa = PBXGroup;
			children = (
				9DA2E55224DFFF3900BA3203 /* Trinca.app */,
			);
			name = Products;
			sourceTree = "<group>";
		};
		9DA2E55424DFFF3900BA3203 /* Trinca */ = {
			isa = PBXGroup;
			children = (
				9DA2E55524DFFF3900BA3203 /* AppDelegate.swift */,
				9DA2E55724DFFF3900BA3203 /* SceneDelegate.swift */,
				9DA2E55924DFFF3900BA3203 /* TrincaView.swift */,
				9D807E5B24FE601400CE261B /* Shape+Texture.swift */,
				9D807E5924FE598100CE261B /* Shapes.swift */,
				9DCB1BF924E31610006F4626 /* Stripes.swift */,
				9D1207F424E16916007ABB5D /* Array+Identifiable.swift */,
				9D1207F224E16463007ABB5D /* TrincaViewModel.swift */,
				9D1207F024E163D0007ABB5D /* Cardify.swift */,
				9D1207EE24E163AD007ABB5D /* Grid.swift */,
				9D1207EC24E1639C007ABB5D /* GridLayout.swift */,
				9DA2E56924E0002500BA3203 /* TrincaBrain.swift */,
				9DA2E55B24DFFF3E00BA3203 /* Assets.xcassets */,
				9DA2E56024DFFF3F00BA3203 /* LaunchScreen.storyboard */,
				9DA2E56324DFFF3F00BA3203 /* Info.plist */,
				9DA2E55D24DFFF3E00BA3203 /* Preview Content */,
			);
			path = Trinca;
			sourceTree = "<group>";
		};
		9DA2E55D24DFFF3E00BA3203 /* Preview Content */ = {
			isa = PBXGroup;
			children = (
				9DA2E55E24DFFF3E00BA3203 /* Preview Assets.xcassets */,
			);
			path = "Preview Content";
			sourceTree = "<group>";
		};
/* End PBXGroup section */

/* Begin PBXNativeTarget section */
		9DA2E55124DFFF3900BA3203 /* Trinca */ = {
			isa = PBXNativeTarget;
			buildConfigurationList = 9DA2E56624DFFF3F00BA3203 /* Build configuration list for PBXNativeTarget "Trinca" */;
			buildPhases = (
				9DA2E54E24DFFF3900BA3203 /* Sources */,
				9DA2E54F24DFFF3900BA3203 /* Frameworks */,
				9DA2E55024DFFF3900BA3203 /* Resources */,
			);
			buildRules = (
			);
			dependencies = (
			);
			name = Trinca;
			productName = Trinca;
			productReference = 9DA2E55224DFFF3900BA3203 /* Trinca.app */;
			productType = "com.apple.product-type.application";
		};
/* End PBXNativeTarget section */

/* Begin PBXProject section */
		9DA2E54A24DFFF3900BA3203 /* Project object */ = {
			isa = PBXProject;
			attributes = {
				LastSwiftUpdateCheck = 1160;
				LastUpgradeCheck = 1160;
				ORGANIZATIONNAME = "Allan Garcia";
				TargetAttributes = {
					9DA2E55124DFFF3900BA3203 = {
						CreatedOnToolsVersion = 11.6;
					};
				};
			};
			buildConfigurationList = 9DA2E54D24DFFF3900BA3203 /* Build configuration list for PBXProject "Trinca" */;
			compatibilityVersion = "Xcode 9.3";
			developmentRegion = en;
			hasScannedForEncodings = 0;
			knownRegions = (
				en,
				Base,
			);
			mainGroup = 9DA2E54924DFFF3900BA3203;
			productRefGroup = 9DA2E55324DFFF3900BA3203 /* Products */;
			projectDirPath = "";
			projectRoot = "";
			targets = (
				9DA2E55124DFFF3900BA3203 /* Trinca */,
			);
		};
/* End PBXProject section */

/* Begin PBXResourcesBuildPhase section */
		9DA2E55024DFFF3900BA3203 /* Resources */ = {
			isa = PBXResourcesBuildPhase;
			buildActionMask = 2147483647;
			files = (
				9DA2E56224DFFF3F00BA3203 /* LaunchScreen.storyboard in Resources */,
				9DA2E55F24DFFF3E00BA3203 /* Preview Assets.xcassets in Resources */,
				9DA2E55C24DFFF3E00BA3203 /* Assets.xcassets in Resources */,
			);
			runOnlyForDeploymentPostprocessing = 0;
		};
/* End PBXResourcesBuildPhase section */

/* Begin PBXSourcesBuildPhase section */
		9DA2E54E24DFFF3900BA3203 /* Sources */ = {
			isa = PBXSourcesBuildPhase;
			buildActionMask = 2147483647;
			files = (
				9DA2E55624DFFF3900BA3203 /* AppDelegate.swift in Sources */,
				9D1207F124E163D0007ABB5D /* Cardify.swift in Sources */,
				9DA2E56A24E0002500BA3203 /* TrincaBrain.swift in Sources */,
				9D807E5C24FE601400CE261B /* Shape+Texture.swift in Sources */,
				9D1207ED24E1639C007ABB5D /* GridLayout.swift in Sources */,
				9DA2E55824DFFF3900BA3203 /* SceneDelegate.swift in Sources */,
				9D1207F524E16916007ABB5D /* Array+Identifiable.swift in Sources */,
				9DCB1BFA24E31610006F4626 /* Stripes.swift in Sources */,
				9D1207F324E16463007ABB5D /* TrincaViewModel.swift in Sources */,
				9D807E5A24FE598100CE261B /* Shapes.swift in Sources */,
				9DA2E55A24DFFF3900BA3203 /* TrincaView.swift in Sources */,
				9D1207EF24E163AD007ABB5D /* Grid.swift in Sources */,
			);
			runOnlyForDeploymentPostprocessing = 0;
		};
/* End PBXSourcesBuildPhase section */

/* Begin PBXVariantGroup section */
		9DA2E56024DFFF3F00BA3203 /* LaunchScreen.storyboard */ = {
			isa = PBXVariantGroup;
			children = (
				9DA2E56124DFFF3F00BA3203 /* Base */,
			);
			name = LaunchScreen.storyboard;
			sourceTree = "<group>";
		};
/* End PBXVariantGroup section */

/* Begin XCBuildConfiguration section */
		9DA2E56424DFFF3F00BA3203 /* Debug */ = {
			isa = XCBuildConfiguration;
			buildSettings = {
				ALWAYS_SEARCH_USER_PATHS = NO;
				CLANG_ANALYZER_NONNULL = YES;
				CLANG_ANALYZER_NUMBER_OBJECT_CONVERSION = YES_AGGRESSIVE;
				CLANG_CXX_LANGUAGE_STANDARD = "gnu++14";
				CLANG_CXX_LIBRARY = "libc++";
				CLANG_ENABLE_MODULES = YES;
				CLANG_ENABLE_OBJC_ARC = YES;
				CLANG_ENABLE_OBJC_WEAK = YES;
				CLANG_WARN_BLOCK_CAPTURE_AUTORELEASING = YES;
				CLANG_WARN_BOOL_CONVERSION = YES;
				CLANG_WARN_COMMA = YES;
				CLANG_WARN_CONSTANT_CONVERSION = YES;
				CLANG_WARN_DEPRECATED_OBJC_IMPLEMENTATIONS = YES;
				CLANG_WARN_DIRECT_OBJC_ISA_USAGE = YES_ERROR;
				CLANG_WARN_DOCUMENTATION_COMMENTS = YES;
				CLANG_WARN_EMPTY_BODY = YES;
				CLANG_WARN_ENUM_CONVERSION = YES;
				CLANG_WARN_INFINITE_RECURSION = YES;
				CLANG_WARN_INT_CONVERSION = YES;
				CLANG_WARN_NON_LITERAL_NULL_CONVERSION = YES;
				CLANG_WARN_OBJC_IMPLICIT_RETAIN_SELF = YES;
				CLANG_WARN_OBJC_LITERAL_CONVERSION = YES;
				CLANG_WARN_OBJC_ROOT_CLASS = YES_ERROR;
				CLANG_WARN_RANGE_LOOP_ANALYSIS = YES;
				CLANG_WARN_STRICT_PROTOTYPES = YES;
				CLANG_WARN_SUSPICIOUS_MOVE = YES;
				CLANG_WARN_UNGUARDED_AVAILABILITY = YES_AGGRESSIVE;
				CLANG_WARN_UNREACHABLE_CODE = YES;
				CLANG_WARN__DUPLICATE_METHOD_MATCH = YES;
				COPY_PHASE_STRIP = NO;
				DEBUG_INFORMATION_FORMAT = dwarf;
				ENABLE_STRICT_OBJC_MSGSEND = YES;
				ENABLE_TESTABILITY = YES;
				GCC_C_LANGUAGE_STANDARD = gnu11;
				GCC_DYNAMIC_NO_PIC = NO;
				GCC_NO_COMMON_BLOCKS = YES;
				GCC_OPTIMIZATION_LEVEL = 0;
				GCC_PREPROCESSOR_DEFINITIONS = (
					"DEBUG=1",
					"$(inherited)",
				);
				GCC_WARN_64_TO_32_BIT_CONVERSION = YES;
				GCC_WARN_ABOUT_RETURN_TYPE = YES_ERROR;
				GCC_WARN_UNDECLARED_SELECTOR = YES;
				GCC_WARN_UNINITIALIZED_AUTOS = YES_AGGRESSIVE;
				GCC_WARN_UNUSED_FUNCTION = YES;
				GCC_WARN_UNUSED_VARIABLE = YES;
				IPHONEOS_DEPLOYMENT_TARGET = 13.6;
				MTL_ENABLE_DEBUG_INFO = INCLUDE_SOURCE;
				MTL_FAST_MATH = YES;
				ONLY_ACTIVE_ARCH = YES;
				SDKROOT = iphoneos;
				SWIFT_ACTIVE_COMPILATION_CONDITIONS = DEBUG;
				SWIFT_OPTIMIZATION_LEVEL = "-Onone";
			};
			name = Debug;
		};
		9DA2E56524DFFF3F00BA3203 /* Release */ = {
			isa = XCBuildConfiguration;
			buildSettings = {
				ALWAYS_SEARCH_USER_PATHS = NO;
				CLANG_ANALYZER_NONNULL = YES;
				CLANG_ANALYZER_NUMBER_OBJECT_CONVERSION = YES_AGGRESSIVE;
				CLANG_CXX_LANGUAGE_STANDARD = "gnu++14";
				CLANG_CXX_LIBRARY = "libc++";
				CLANG_ENABLE_MODULES = YES;
				CLANG_ENABLE_OBJC_ARC = YES;
				CLANG_ENABLE_OBJC_WEAK = YES;
				CLANG_WARN_BLOCK_CAPTURE_AUTORELEASING = YES;
				CLANG_WARN_BOOL_CONVERSION = YES;
				CLANG_WARN_COMMA = YES;
				CLANG_WARN_CONSTANT_CONVERSION = YES;
				CLANG_WARN_DEPRECATED_OBJC_IMPLEMENTATIONS = YES;
				CLANG_WARN_DIRECT_OBJC_ISA_USAGE = YES_ERROR;
				CLANG_WARN_DOCUMENTATION_COMMENTS = YES;
				CLANG_WARN_EMPTY_BODY = YES;
				CLANG_WARN_ENUM_CONVERSION = YES;
				CLANG_WARN_INFINITE_RECURSION = YES;
				CLANG_WARN_INT_CONVERSION = YES;
				CLANG_WARN_NON_LITERAL_NULL_CONVERSION = YES;
				CLANG_WARN_OBJC_IMPLICIT_RETAIN_SELF = YES;
				CLANG_WARN_OBJC_LITERAL_CONVERSION = YES;
				CLANG_WARN_OBJC_ROOT_CLASS = YES_ERROR;
				CLANG_WARN_RANGE_LOOP_ANALYSIS = YES;
				CLANG_WARN_STRICT_PROTOTYPES = YES;
				CLANG_WARN_SUSPICIOUS_MOVE = YES;
				CLANG_WARN_UNGUARDED_AVAILABILITY = YES_AGGRESSIVE;
				CLANG_WARN_UNREACHABLE_CODE = YES;
				CLANG_WARN__DUPLICATE_METHOD_MATCH = YES;
				COPY_PHASE_STRIP = NO;
				DEBUG_INFORMATION_FORMAT = "dwarf-with-dsym";
				ENABLE_NS_ASSERTIONS = NO;
				ENABLE_STRICT_OBJC_MSGSEND = YES;
				GCC_C_LANGUAGE_STANDARD = gnu11;
				GCC_NO_COMMON_BLOCKS = YES;
				GCC_WARN_64_TO_32_BIT_CONVERSION = YES;
				GCC_WARN_ABOUT_RETURN_TYPE = YES_ERROR;
				GCC_WARN_UNDECLARED_SELECTOR = YES;
				GCC_WARN_UNINITIALIZED_AUTOS = YES_AGGRESSIVE;
				GCC_WARN_UNUSED_FUNCTION = YES;
				GCC_WARN_UNUSED_VARIABLE = YES;
				IPHONEOS_DEPLOYMENT_TARGET = 13.6;
				MTL_ENABLE_DEBUG_INFO = NO;
				MTL_FAST_MATH = YES;
				SDKROOT = iphoneos;
				SWIFT_COMPILATION_MODE = wholemodule;
				SWIFT_OPTIMIZATION_LEVEL = "-O";
				VALIDATE_PRODUCT = YES;
			};
			name = Release;
		};
		9DA2E56724DFFF3F00BA3203 /* Debug */ = {
			isa = XCBuildConfiguration;
			buildSettings = {
				ASSETCATALOG_COMPILER_APPICON_NAME = AppIcon;
				CODE_SIGN_STYLE = Automatic;
				DEVELOPMENT_ASSET_PATHS = "\"Trinca/Preview Content\"";
				DEVELOPMENT_TEAM = 4MZ8DH8Y8D;
				ENABLE_PREVIEWS = YES;
				INFOPLIST_FILE = Trinca/Info.plist;
				LD_RUNPATH_SEARCH_PATHS = (
					"$(inherited)",
					"@executable_path/Frameworks",
				);
				PRODUCT_BUNDLE_IDENTIFIER = com.allangarcia.Trinca;
				PRODUCT_NAME = "$(TARGET_NAME)";
				SWIFT_VERSION = 5.0;
				TARGETED_DEVICE_FAMILY = "1,2";
			};
			name = Debug;
		};
		9DA2E56824DFFF3F00BA3203 /* Release */ = {
			isa = XCBuildConfiguration;
			buildSettings = {
				ASSETCATALOG_COMPILER_APPICON_NAME = AppIcon;
				CODE_SIGN_STYLE = Automatic;
				DEVELOPMENT_ASSET_PATHS = "\"Trinca/Preview Content\"";
				DEVELOPMENT_TEAM = 4MZ8DH8Y8D;
				ENABLE_PREVIEWS = YES;
				INFOPLIST_FILE = Trinca/Info.plist;
				LD_RUNPATH_SEARCH_PATHS = (
					"$(inherited)",
					"@executable_path/Frameworks",
				);
				PRODUCT_BUNDLE_IDENTIFIER = com.allangarcia.Trinca;
				PRODUCT_NAME = "$(TARGET_NAME)";
				SWIFT_VERSION = 5.0;
				TARGETED_DEVICE_FAMILY = "1,2";
			};
			name = Release;
		};
/* End XCBuildConfiguration section */

/* Begin XCConfigurationList section */
		9DA2E54D24DFFF3900BA3203 /* Build configuration list for PBXProject "Trinca" */ = {
			isa = XCConfigurationList;
			buildConfigurations = (
				9DA2E56424DFFF3F00BA3203 /* Debug */,
				9DA2E56524DFFF3F00BA3203 /* Release */,
			);
			defaultConfigurationIsVisible = 0;
			defaultConfigurationName = Release;
		};
		9DA2E56624DFFF3F00BA3203 /* Build configuration list for PBXNativeTarget "Trinca" */ = {
			isa = XCConfigurationList;
			buildConfigurations = (
				9DA2E56724DFFF3F00BA3203 /* Debug */,
				9DA2E56824DFFF3F00BA3203 /* Release */,
			);
			defaultConfigurationIsVisible = 0;
			defaultConfigurationName = Release;
		};
/* End XCConfigurationList section */
	};
	rootObject = 9DA2E54A24DFFF3900BA3203 /* Project object */;
}
